{
  "originHash" : "301412d114374b83d2356430230719d25a184bfaabfea1db86b7fd054fac1827",
  "pins" : [
    {
      "identity" : "navigationkit",
      "kind" : "remoteSourceControl",
      "location" : "https://github.com/theosementa/NavigationKit",
      "state" : {
        "revision" : "7f11d08380bf080f4d494a40a6492758cead1320",
        "version" : "1.1.0"
      }
    },
    {
      "identity" : "theokit",
      "kind" : "remoteSourceControl",
      "location" : "https://github.com/theosementa/TheoKit",
      "state" : {
        "revision" : "9df064ec1b2c8d618f40c8623cb89cd2ceb6c99e",
        "version" : "1.1.5"
      }
    }
  ],
  "version" : 3
}
